
Microsoft Visual Studio Solution File, Format Version 12.00
# Visual Studio Version 18
VisualStudioVersion = 18.4.11605.240
MinimumVisualStudioVersion = 10.0.40219.1
Project("{FAE04EC0-301F-11D3-BF4B-00C04F79EFBC}") = "Textfyre.VM", "Textfyre.VM\Textfyre.VM.csproj", "{2B3B86E9-0C2A-40AA-AD77-6873AEE5AE41}"
EndProject
Project("{FAE04EC0-301F-11D3-BF4B-00C04F79EFBC}") = "Textfyre.UI", "Textfyre.UI\Textfyre.UI.csproj", "{F96232D1-2E0C-4D30-8279-9FEBD8BABA55}"
EndProject
Project("{FAE04EC0-301F-11D3-BF4B-00C04F79EFBC}") = "SecretLetter", "SecretLetter\SecretLetter.csproj", "{485E99E3-5D56-4E66-A052-54B5A0C0D701}"
EndProject
Project("{FAE04EC0-301F-11D3-BF4B-00C04F79EFBC}") = "SecretLetter.Browser", "SecretLetter.Browser\SecretLetter.Browser.csproj", "{3B49AAE2-1B2D-496F-9026-480D50BF23E5}"
EndProject
Project("{FAE04EC0-301F-11D3-BF4B-00C04F79EFBC}") = "SecretLetter.Simulator", "SecretLetter.Simulator\SecretLetter.Simulator.csproj", "{4245CF12-7054-4733-9FAA-F0005D54DA6B}"
EndProject
Project("{2150E333-8FDC-42A3-9474-1A3956D46DE8}") = "Solution Items", "Solution Items", "{FC471364-7001-4B19-924C-6F02C3E762DE}"
	ProjectSection(SolutionItems) = preProject
		logs\screenshot.png = logs\screenshot.png
	EndProjectSection
EndProject
Global
	GlobalSection(SolutionConfigurationPlatforms) = preSolution
		Debug|Any CPU = Debug|Any CPU
		Release|Any CPU = Release|Any CPU
	EndGlobalSection
	GlobalSection(ProjectConfigurationPlatforms) = postSolution
		{2B3B86E9-0C2A-40AA-AD77-6873AEE5AE41}.Debug|Any CPU.ActiveCfg = Debug|Any CPU
		{2B3B86E9-0C2A-40AA-AD77-6873AEE5AE41}.Debug|Any CPU.Build.0 = Debug|Any CPU
		{2B3B86E9-0C2A-40AA-AD77-6873AEE5AE41}.Release|Any CPU.ActiveCfg = Release|Any CPU
		{2B3B86E9-0C2A-40AA-AD77-6873AEE5AE41}.Release|Any CPU.Build.0 = Release|Any CPU
		{F96232D1-2E0C-4D30-8279-9FEBD8BABA55}.Debug|Any CPU.ActiveCfg = Debug|Any CPU
		{F96232D1-2E0C-4D30-8279-9FEBD8BABA55}.Debug|Any CPU.Build.0 = Debug|Any CPU
		{F96232D1-2E0C-4D30-8279-9FEBD8BABA55}.Release|Any CPU.ActiveCfg = Release|Any CPU
		{F96232D1-2E0C-4D30-8279-9FEBD8BABA55}.Release|Any CPU.Build.0 = Release|Any CPU
		{485E99E3-5D56-4E66-A052-54B5A0C0D701}.Debug|Any CPU.ActiveCfg = Debug|Any CPU
		{485E99E3-5D56-4E66-A052-54B5A0C0D701}.Debug|Any CPU.Build.0 = Debug|Any CPU
		{485E99E3-5D56-4E66-A052-54B5A0C0D701}.Release|Any CPU.ActiveCfg = Release|Any CPU
		{485E99E3-5D56-4E66-A052-54B5A0C0D701}.Release|Any CPU.Build.0 = Release|Any CPU
		{3B49AAE2-1B2D-496F-9026-480D50BF23E5}.Debug|Any CPU.ActiveCfg = Debug|Any CPU
		{3B49AAE2-1B2D-496F-9026-480D50BF23E5}.Debug|Any CPU.Build.0 = Debug|Any CPU
		{3B49AAE2-1B2D-496F-9026-480D50BF23E5}.Release|Any CPU.ActiveCfg = Release|Any CPU
		{3B49AAE2-1B2D-496F-9026-480D50BF23E5}.Release|Any CPU.Build.0 = Release|Any CPU
		{4245CF12-7054-4733-9FAA-F0005D54DA6B}.Debug|Any CPU.ActiveCfg = Debug|Any CPU
		{4245CF12-7054-4733-9FAA-F0005D54DA6B}.Debug|Any CPU.Build.0 = Debug|Any CPU
		{4245CF12-7054-4733-9FAA-F0005D54DA6B}.Release|Any CPU.ActiveCfg = Release|Any CPU
		{4245CF12-7054-4733-9FAA-F0005D54DA6B}.Release|Any CPU.Build.0 = Release|Any CPU
	EndGlobalSection
	GlobalSection(SolutionProperties) = preSolution
		HideSolutionNode = FALSE
	EndGlobalSection
	GlobalSection(ExtensibilityGlobals) = postSolution
		SolutionGuid = {F9975D8C-EE04-4AC8-8F5F-41294F08DA45}
	EndGlobalSection
EndGlobal
